
Microsoft Visual Studio Solution File, Format Version 12.00
# Visual Studio 2012
Project("{FAE04EC0-301F-11D3-BF4B-00C04F79EFBC}") = "Tests", "Tests\Tests.csproj", "{B321348A-2767-411C-8B75-32CE4BC1EBBD}"
	ProjectSection(ProjectDependencies) = postProject
		{1E332CB5-19BB-4507-8DDD-DA2DEF39F104} = {1E332CB5-19BB-4507-8DDD-DA2DEF39F104}
	EndProjectSection
EndProject
Project("{FAE04EC0-301F-11D3-BF4B-00C04F79EFBC}") = "Sinks", "Sinks\Sinks.csproj", "{4ECE58E8-CBBE-46EA-BB0B-3E09445387C1}"
EndProject
Project("{FAE04EC0-301F-11D3-BF4B-00C04F79EFBC}") = "Data", "Data\Data.csproj", "{A777D09D-157B-4230-AEEC-C0E4742CD5C9}"
EndProject
Project("{FAE04EC0-301F-11D3-BF4B-00C04F79EFBC}") = "Sources", "Sources\Sources.csproj", "{87791A59-4075-408B-B44F-805C373C9EA8}"
EndProject
Project("{2150E333-8FDC-42A3-9474-1A3956D46DE8}") = "Misc", "Misc", "{BC1EFDDF-849A-45CC-A324-7A931F70871C}"
	ProjectSection(SolutionItems) = preProject
		todo.txt = todo.txt
	EndProjectSection
EndProject
Project("{FAE04EC0-301F-11D3-BF4B-00C04F79EFBC}") = "MetricAgent", "App\MetricAgent\MetricAgent.csproj", "{F60213E7-AE95-4712-ABBE-EEBCE258ABE1}"
	ProjectSection(ProjectDependencies) = postProject
		{87791A59-4075-408B-B44F-805C373C9EA8} = {87791A59-4075-408B-B44F-805C373C9EA8}
		{A777D09D-157B-4230-AEEC-C0E4742CD5C9} = {A777D09D-157B-4230-AEEC-C0E4742CD5C9}
		{1E332CB5-19BB-4507-8DDD-DA2DEF39F104} = {1E332CB5-19BB-4507-8DDD-DA2DEF39F104}
		{4ECE58E8-CBBE-46EA-BB0B-3E09445387C1} = {4ECE58E8-CBBE-46EA-BB0B-3E09445387C1}
	EndProjectSection
EndProject
Project("{2150E333-8FDC-42A3-9474-1A3956D46DE8}") = "App", "App", "{3BBD4910-C50E-43AB-934F-F2B0DAE00F6D}"
EndProject
Project("{FAE04EC0-301F-11D3-BF4B-00C04F79EFBC}") = "Now", "App\Now\Now.csproj", "{445C6FC0-6972-4FC2-B21C-ABAD80F3299D}"
EndProject
Project("{FAE04EC0-301F-11D3-BF4B-00C04F79EFBC}") = "SnapshotConverter", "App\SnapshotConverter\SnapshotConverter.csproj", "{ED6C878B-A654-4389-AFDE-0E2F09DF9A6B}"
EndProject
Project("{FAE04EC0-301F-11D3-BF4B-00C04F79EFBC}") = "Coordination", "Coordination\Coordination.csproj", "{1E332CB5-19BB-4507-8DDD-DA2DEF39F104}"
EndProject
Global
	GlobalSection(SolutionConfigurationPlatforms) = preSolution
		Debug|Any CPU = Debug|Any CPU
		Debug|Mixed Platforms = Debug|Mixed Platforms
		Debug|Win32 = Debug|Win32
		Debug|x86 = Debug|x86
		Release|Any CPU = Release|Any CPU
		Release|Mixed Platforms = Release|Mixed Platforms
		Release|Win32 = Release|Win32
		Release|x86 = Release|x86
	EndGlobalSection
	GlobalSection(ProjectConfigurationPlatforms) = postSolution
		{B321348A-2767-411C-8B75-32CE4BC1EBBD}.Debug|Any CPU.ActiveCfg = Debug|Any CPU
		{B321348A-2767-411C-8B75-32CE4BC1EBBD}.Debug|Any CPU.Build.0 = Debug|Any CPU
		{B321348A-2767-411C-8B75-32CE4BC1EBBD}.Debug|Mixed Platforms.ActiveCfg = Debug|Any CPU
		{B321348A-2767-411C-8B75-32CE4BC1EBBD}.Debug|Mixed Platforms.Build.0 = Debug|Any CPU
		{B321348A-2767-411C-8B75-32CE4BC1EBBD}.Debug|Win32.ActiveCfg = Debug|Any CPU
		{B321348A-2767-411C-8B75-32CE4BC1EBBD}.Debug|x86.ActiveCfg = Debug|Any CPU
		{B321348A-2767-411C-8B75-32CE4BC1EBBD}.Release|Any CPU.ActiveCfg = Release|Any CPU
		{B321348A-2767-411C-8B75-32CE4BC1EBBD}.Release|Any CPU.Build.0 = Release|Any CPU
		{B321348A-2767-411C-8B75-32CE4BC1EBBD}.Release|Mixed Platforms.ActiveCfg = Release|Any CPU
		{B321348A-2767-411C-8B75-32CE4BC1EBBD}.Release|Mixed Platforms.Build.0 = Release|Any CPU
		{B321348A-2767-411C-8B75-32CE4BC1EBBD}.Release|Win32.ActiveCfg = Release|Any CPU
		{B321348A-2767-411C-8B75-32CE4BC1EBBD}.Release|x86.ActiveCfg = Release|Any CPU
		{4ECE58E8-CBBE-46EA-BB0B-3E09445387C1}.Debug|Any CPU.ActiveCfg = Debug|Any CPU
		{4ECE58E8-CBBE-46EA-BB0B-3E09445387C1}.Debug|Any CPU.Build.0 = Debug|Any CPU
		{4ECE58E8-CBBE-46EA-BB0B-3E09445387C1}.Debug|Mixed Platforms.ActiveCfg = Debug|Any CPU
		{4ECE58E8-CBBE-46EA-BB0B-3E09445387C1}.Debug|Mixed Platforms.Build.0 = Debug|Any CPU
		{4ECE58E8-CBBE-46EA-BB0B-3E09445387C1}.Debug|Win32.ActiveCfg = Debug|Any CPU
		{4ECE58E8-CBBE-46EA-BB0B-3E09445387C1}.Debug|x86.ActiveCfg = Debug|Any CPU
		{4ECE58E8-CBBE-46EA-BB0B-3E09445387C1}.Release|Any CPU.ActiveCfg = Release|Any CPU
		{4ECE58E8-CBBE-46EA-BB0B-3E09445387C1}.Release|Any CPU.Build.0 = Release|Any CPU
		{4ECE58E8-CBBE-46EA-BB0B-3E09445387C1}.Release|Mixed Platforms.ActiveCfg = Release|Any CPU
		{4ECE58E8-CBBE-46EA-BB0B-3E09445387C1}.Release|Mixed Platforms.Build.0 = Release|Any CPU
		{4ECE58E8-CBBE-46EA-BB0B-3E09445387C1}.Release|Win32.ActiveCfg = Release|Any CPU
		{4ECE58E8-CBBE-46EA-BB0B-3E09445387C1}.Release|x86.ActiveCfg = Release|Any CPU
		{A777D09D-157B-4230-AEEC-C0E4742CD5C9}.Debug|Any CPU.ActiveCfg = Debug|Any CPU
		{A777D09D-157B-4230-AEEC-C0E4742CD5C9}.Debug|Any CPU.Build.0 = Debug|Any CPU
		{A777D09D-157B-4230-AEEC-C0E4742CD5C9}.Debug|Mixed Platforms.ActiveCfg = Debug|Any CPU
		{A777D09D-157B-4230-AEEC-C0E4742CD5C9}.Debug|Mixed Platforms.Build.0 = Debug|Any CPU
		{A777D09D-157B-4230-AEEC-C0E4742CD5C9}.Debug|Win32.ActiveCfg = Debug|Any CPU
		{A777D09D-157B-4230-AEEC-C0E4742CD5C9}.Debug|x86.ActiveCfg = Debug|Any CPU
		{A777D09D-157B-4230-AEEC-C0E4742CD5C9}.Release|Any CPU.ActiveCfg = Release|Any CPU
		{A777D09D-157B-4230-AEEC-C0E4742CD5C9}.Release|Any CPU.Build.0 = Release|Any CPU
		{A777D09D-157B-4230-AEEC-C0E4742CD5C9}.Release|Mixed Platforms.ActiveCfg = Release|Any CPU
		{A777D09D-157B-4230-AEEC-C0E4742CD5C9}.Release|Mixed Platforms.Build.0 = Release|Any CPU
		{A777D09D-157B-4230-AEEC-C0E4742CD5C9}.Release|Win32.ActiveCfg = Release|Any CPU
		{A777D09D-157B-4230-AEEC-C0E4742CD5C9}.Release|x86.ActiveCfg = Release|Any CPU
		{87791A59-4075-408B-B44F-805C373C9EA8}.Debug|Any CPU.ActiveCfg = Debug|Any CPU
		{87791A59-4075-408B-B44F-805C373C9EA8}.Debug|Any CPU.Build.0 = Debug|Any CPU
		{87791A59-4075-408B-B44F-805C373C9EA8}.Debug|Mixed Platforms.ActiveCfg = Debug|Any CPU
		{87791A59-4075-408B-B44F-805C373C9EA8}.Debug|Mixed Platforms.Build.0 = Debug|Any CPU
		{87791A59-4075-408B-B44F-805C373C9EA8}.Debug|Win32.ActiveCfg = Debug|Any CPU
		{87791A59-4075-408B-B44F-805C373C9EA8}.Debug|x86.ActiveCfg = Debug|Any CPU
		{87791A59-4075-408B-B44F-805C373C9EA8}.Release|Any CPU.ActiveCfg = Release|Any CPU
		{87791A59-4075-408B-B44F-805C373C9EA8}.Release|Any CPU.Build.0 = Release|Any CPU
		{87791A59-4075-408B-B44F-805C373C9EA8}.Release|Mixed Platforms.ActiveCfg = Release|Any CPU
		{87791A59-4075-408B-B44F-805C373C9EA8}.Release|Mixed Platforms.Build.0 = Release|Any CPU
		{87791A59-4075-408B-B44F-805C373C9EA8}.Release|Win32.ActiveCfg = Release|Any CPU
		{87791A59-4075-408B-B44F-805C373C9EA8}.Release|x86.ActiveCfg = Release|Any CPU
		{F60213E7-AE95-4712-ABBE-EEBCE258ABE1}.Debug|Any CPU.ActiveCfg = Debug|x86
		{F60213E7-AE95-4712-ABBE-EEBCE258ABE1}.Debug|Mixed Platforms.ActiveCfg = Debug|x86
		{F60213E7-AE95-4712-ABBE-EEBCE258ABE1}.Debug|Mixed Platforms.Build.0 = Debug|x86
		{F60213E7-AE95-4712-ABBE-EEBCE258ABE1}.Debug|Win32.ActiveCfg = Debug|x86
		{F60213E7-AE95-4712-ABBE-EEBCE258ABE1}.Debug|Win32.Build.0 = Debug|x86
		{F60213E7-AE95-4712-ABBE-EEBCE258ABE1}.Debug|x86.ActiveCfg = Debug|x86
		{F60213E7-AE95-4712-ABBE-EEBCE258ABE1}.Debug|x86.Build.0 = Debug|x86
		{F60213E7-AE95-4712-ABBE-EEBCE258ABE1}.Release|Any CPU.ActiveCfg = Release|x86
		{F60213E7-AE95-4712-ABBE-EEBCE258ABE1}.Release|Mixed Platforms.ActiveCfg = Release|x86
		{F60213E7-AE95-4712-ABBE-EEBCE258ABE1}.Release|Mixed Platforms.Build.0 = Release|x86
		{F60213E7-AE95-4712-ABBE-EEBCE258ABE1}.Release|Win32.ActiveCfg = Release|x86
		{F60213E7-AE95-4712-ABBE-EEBCE258ABE1}.Release|Win32.Build.0 = Release|x86
		{F60213E7-AE95-4712-ABBE-EEBCE258ABE1}.Release|x86.ActiveCfg = Release|x86
		{F60213E7-AE95-4712-ABBE-EEBCE258ABE1}.Release|x86.Build.0 = Release|x86
		{445C6FC0-6972-4FC2-B21C-ABAD80F3299D}.Debug|Any CPU.ActiveCfg = Debug|x86
		{445C6FC0-6972-4FC2-B21C-ABAD80F3299D}.Debug|Mixed Platforms.ActiveCfg = Debug|x86
		{445C6FC0-6972-4FC2-B21C-ABAD80F3299D}.Debug|Mixed Platforms.Build.0 = Debug|x86
		{445C6FC0-6972-4FC2-B21C-ABAD80F3299D}.Debug|Win32.ActiveCfg = Debug|x86
		{445C6FC0-6972-4FC2-B21C-ABAD80F3299D}.Debug|Win32.Build.0 = Debug|x86
		{445C6FC0-6972-4FC2-B21C-ABAD80F3299D}.Debug|x86.ActiveCfg = Debug|x86
		{445C6FC0-6972-4FC2-B21C-ABAD80F3299D}.Debug|x86.Build.0 = Debug|x86
		{445C6FC0-6972-4FC2-B21C-ABAD80F3299D}.Release|Any CPU.ActiveCfg = Release|x86
		{445C6FC0-6972-4FC2-B21C-ABAD80F3299D}.Release|Mixed Platforms.ActiveCfg = Release|x86
		{445C6FC0-6972-4FC2-B21C-ABAD80F3299D}.Release|Mixed Platforms.Build.0 = Release|x86
		{445C6FC0-6972-4FC2-B21C-ABAD80F3299D}.Release|Win32.ActiveCfg = Release|x86
		{445C6FC0-6972-4FC2-B21C-ABAD80F3299D}.Release|Win32.Build.0 = Release|x86
		{445C6FC0-6972-4FC2-B21C-ABAD80F3299D}.Release|x86.ActiveCfg = Release|x86
		{445C6FC0-6972-4FC2-B21C-ABAD80F3299D}.Release|x86.Build.0 = Release|x86
		{ED6C878B-A654-4389-AFDE-0E2F09DF9A6B}.Debug|Any CPU.ActiveCfg = Debug|Any CPU
		{ED6C878B-A654-4389-AFDE-0E2F09DF9A6B}.Debug|Any CPU.Build.0 = Debug|Any CPU
		{ED6C878B-A654-4389-AFDE-0E2F09DF9A6B}.Debug|Mixed Platforms.ActiveCfg = Debug|Any CPU
		{ED6C878B-A654-4389-AFDE-0E2F09DF9A6B}.Debug|Mixed Platforms.Build.0 = Debug|Any CPU
		{ED6C878B-A654-4389-AFDE-0E2F09DF9A6B}.Debug|Win32.ActiveCfg = Debug|Any CPU
		{ED6C878B-A654-4389-AFDE-0E2F09DF9A6B}.Debug|x86.ActiveCfg = Debug|Any CPU
		{ED6C878B-A654-4389-AFDE-0E2F09DF9A6B}.Release|Any CPU.ActiveCfg = Release|Any CPU
		{ED6C878B-A654-4389-AFDE-0E2F09DF9A6B}.Release|Any CPU.Build.0 = Release|Any CPU
		{ED6C878B-A654-4389-AFDE-0E2F09DF9A6B}.Release|Mixed Platforms.ActiveCfg = Release|Any CPU
		{ED6C878B-A654-4389-AFDE-0E2F09DF9A6B}.Release|Mixed Platforms.Build.0 = Release|Any CPU
		{ED6C878B-A654-4389-AFDE-0E2F09DF9A6B}.Release|Win32.ActiveCfg = Release|Any CPU
		{ED6C878B-A654-4389-AFDE-0E2F09DF9A6B}.Release|x86.ActiveCfg = Release|Any CPU
		{1E332CB5-19BB-4507-8DDD-DA2DEF39F104}.Debug|Any CPU.ActiveCfg = Debug|Any CPU
		{1E332CB5-19BB-4507-8DDD-DA2DEF39F104}.Debug|Any CPU.Build.0 = Debug|Any CPU
		{1E332CB5-19BB-4507-8DDD-DA2DEF39F104}.Debug|Mixed Platforms.ActiveCfg = Debug|Any CPU
		{1E332CB5-19BB-4507-8DDD-DA2DEF39F104}.Debug|Mixed Platforms.Build.0 = Debug|Any CPU
		{1E332CB5-19BB-4507-8DDD-DA2DEF39F104}.Debug|Win32.ActiveCfg = Debug|Any CPU
		{1E332CB5-19BB-4507-8DDD-DA2DEF39F104}.Debug|x86.ActiveCfg = Debug|Any CPU
		{1E332CB5-19BB-4507-8DDD-DA2DEF39F104}.Release|Any CPU.ActiveCfg = Release|Any CPU
		{1E332CB5-19BB-4507-8DDD-DA2DEF39F104}.Release|Any CPU.Build.0 = Release|Any CPU
		{1E332CB5-19BB-4507-8DDD-DA2DEF39F104}.Release|Mixed Platforms.ActiveCfg = Release|Any CPU
		{1E332CB5-19BB-4507-8DDD-DA2DEF39F104}.Release|Mixed Platforms.Build.0 = Release|Any CPU
		{1E332CB5-19BB-4507-8DDD-DA2DEF39F104}.Release|Win32.ActiveCfg = Release|Any CPU
		{1E332CB5-19BB-4507-8DDD-DA2DEF39F104}.Release|x86.ActiveCfg = Release|Any CPU
	EndGlobalSection
	GlobalSection(SolutionProperties) = preSolution
		HideSolutionNode = FALSE
	EndGlobalSection
	GlobalSection(NestedProjects) = preSolution
		{F60213E7-AE95-4712-ABBE-EEBCE258ABE1} = {3BBD4910-C50E-43AB-934F-F2B0DAE00F6D}
		{445C6FC0-6972-4FC2-B21C-ABAD80F3299D} = {3BBD4910-C50E-43AB-934F-F2B0DAE00F6D}
		{ED6C878B-A654-4389-AFDE-0E2F09DF9A6B} = {3BBD4910-C50E-43AB-934F-F2B0DAE00F6D}
	EndGlobalSection
EndGlobal
